
Microsoft Visual Studio Solution File, Format Version 12.00
# Visual Studio Version 16
VisualStudioVersion = 16.0.34031.81
MinimumVisualStudioVersion = 10.0.40219.1
Project("{8BC9CEB8-8B4A-11D0-8D11-00A0C91BC942}") = "area_of_figures", "area_of_figures\area_of_figures.vcxproj", "{73D79C00-C642-4953-8ACD-9DBE5D5A8261}"
EndProject
Global
	GlobalSection(SolutionConfigurationPlatforms) = preSolution
		Debug|x64 = Debug|x64
		Debug|x86 = Debug|x86
		Release|x64 = Release|x64
		Release|x86 = Release|x86
	EndGlobalSection
	GlobalSection(ProjectConfigurationPlatforms) = postSolution
		{73D79C00-C642-4953-8ACD-9DBE5D5A8261}.Debug|x64.ActiveCfg = Debug|x64
		{73D79C00-C642-4953-8ACD-9DBE5D5A8261}.Debug|x64.Build.0 = Debug|x64
		{73D79C00-C642-4953-8ACD-9DBE5D5A8261}.Debug|x86.ActiveCfg = Debug|Win32
		{73D79C00-C642-4953-8ACD-9DBE5D5A8261}.Debug|x86.Build.0 = Debug|Win32
		{73D79C00-C642-4953-8ACD-9DBE5D5A8261}.Release|x64.ActiveCfg = Release|x64
		{73D79C00-C642-4953-8ACD-9DBE5D5A8261}.Release|x64.Build.0 = Release|x64
		{73D79C00-C642-4953-8ACD-9DBE5D5A8261}.Release|x86.ActiveCfg = Release|Win32
		{73D79C00-C642-4953-8ACD-9DBE5D5A8261}.Release|x86.Build.0 = Release|Win32
	EndGlobalSection
	GlobalSection(SolutionProperties) = preSolution
		HideSolutionNode = FALSE
	EndGlobalSection
	GlobalSection(ExtensibilityGlobals) = postSolution
		SolutionGuid = {AF154CAC-7BF3-4F29-8EB7-E44291A6C9BF}
	EndGlobalSection
EndGlobal
