
Microsoft Visual Studio Solution File, Format Version 12.00
# Visual Studio Version 16
VisualStudioVersion = 16.0.34031.81
MinimumVisualStudioVersion = 10.0.40219.1
Project("{8BC9CEB8-8B4A-11D0-8D11-00A0C91BC942}") = "exam_10_2", "exam_10_2\exam_10_2.vcxproj", "{DA235D31-27DB-489F-9D70-F3E27662618B}"
EndProject
Global
	GlobalSection(SolutionConfigurationPlatforms) = preSolution
		Debug|x64 = Debug|x64
		Debug|x86 = Debug|x86
		Release|x64 = Release|x64
		Release|x86 = Release|x86
	EndGlobalSection
	GlobalSection(ProjectConfigurationPlatforms) = postSolution
		{DA235D31-27DB-489F-9D70-F3E27662618B}.Debug|x64.ActiveCfg = Debug|x64
		{DA235D31-27DB-489F-9D70-F3E27662618B}.Debug|x64.Build.0 = Debug|x64
		{DA235D31-27DB-489F-9D70-F3E27662618B}.Debug|x86.ActiveCfg = Debug|Win32
		{DA235D31-27DB-489F-9D70-F3E27662618B}.Debug|x86.Build.0 = Debug|Win32
		{DA235D31-27DB-489F-9D70-F3E27662618B}.Release|x64.ActiveCfg = Release|x64
		{DA235D31-27DB-489F-9D70-F3E27662618B}.Release|x64.Build.0 = Release|x64
		{DA235D31-27DB-489F-9D70-F3E27662618B}.Release|x86.ActiveCfg = Release|Win32
		{DA235D31-27DB-489F-9D70-F3E27662618B}.Release|x86.Build.0 = Release|Win32
	EndGlobalSection
	GlobalSection(SolutionProperties) = preSolution
		HideSolutionNode = FALSE
	EndGlobalSection
	GlobalSection(ExtensibilityGlobals) = postSolution
		SolutionGuid = {24635DBD-4CA5-4DCB-BF44-6E78B1B0507E}
	EndGlobalSection
EndGlobal
