
Microsoft Visual Studio Solution File, Format Version 12.00
# Visual Studio Version 16
VisualStudioVersion = 16.0.34031.81
MinimumVisualStudioVersion = 10.0.40219.1
Project("{8BC9CEB8-8B4A-11D0-8D11-00A0C91BC942}") = "project_creation", "project_creation\project_creation.vcxproj", "{FA5E4637-0F8D-42CC-BA42-CE00171D2D9C}"
EndProject
Global
	GlobalSection(SolutionConfigurationPlatforms) = preSolution
		Debug|x64 = Debug|x64
		Debug|x86 = Debug|x86
		Release|x64 = Release|x64
		Release|x86 = Release|x86
	EndGlobalSection
	GlobalSection(ProjectConfigurationPlatforms) = postSolution
		{FA5E4637-0F8D-42CC-BA42-CE00171D2D9C}.Debug|x64.ActiveCfg = Debug|x64
		{FA5E4637-0F8D-42CC-BA42-CE00171D2D9C}.Debug|x64.Build.0 = Debug|x64
		{FA5E4637-0F8D-42CC-BA42-CE00171D2D9C}.Debug|x86.ActiveCfg = Debug|Win32
		{FA5E4637-0F8D-42CC-BA42-CE00171D2D9C}.Debug|x86.Build.0 = Debug|Win32
		{FA5E4637-0F8D-42CC-BA42-CE00171D2D9C}.Release|x64.ActiveCfg = Release|x64
		{FA5E4637-0F8D-42CC-BA42-CE00171D2D9C}.Release|x64.Build.0 = Release|x64
		{FA5E4637-0F8D-42CC-BA42-CE00171D2D9C}.Release|x86.ActiveCfg = Release|Win32
		{FA5E4637-0F8D-42CC-BA42-CE00171D2D9C}.Release|x86.Build.0 = Release|Win32
	EndGlobalSection
	GlobalSection(SolutionProperties) = preSolution
		HideSolutionNode = FALSE
	EndGlobalSection
	GlobalSection(ExtensibilityGlobals) = postSolution
		SolutionGuid = {812A0CA2-BAA4-43BD-B785-22B930EE2447}
	EndGlobalSection
EndGlobal
