
Microsoft Visual Studio Solution File, Format Version 12.00
# Visual Studio Version 16
VisualStudioVersion = 16.0.34031.81
MinimumVisualStudioVersion = 10.0.40219.1
Project("{8BC9CEB8-8B4A-11D0-8D11-00A0C91BC942}") = "toy_shop", "toy_shop\toy_shop.vcxproj", "{845F9579-E968-4E47-9B8F-E01B0292632B}"
EndProject
Global
	GlobalSection(SolutionConfigurationPlatforms) = preSolution
		Debug|x64 = Debug|x64
		Debug|x86 = Debug|x86
		Release|x64 = Release|x64
		Release|x86 = Release|x86
	EndGlobalSection
	GlobalSection(ProjectConfigurationPlatforms) = postSolution
		{845F9579-E968-4E47-9B8F-E01B0292632B}.Debug|x64.ActiveCfg = Debug|x64
		{845F9579-E968-4E47-9B8F-E01B0292632B}.Debug|x64.Build.0 = Debug|x64
		{845F9579-E968-4E47-9B8F-E01B0292632B}.Debug|x86.ActiveCfg = Debug|Win32
		{845F9579-E968-4E47-9B8F-E01B0292632B}.Debug|x86.Build.0 = Debug|Win32
		{845F9579-E968-4E47-9B8F-E01B0292632B}.Release|x64.ActiveCfg = Release|x64
		{845F9579-E968-4E47-9B8F-E01B0292632B}.Release|x64.Build.0 = Release|x64
		{845F9579-E968-4E47-9B8F-E01B0292632B}.Release|x86.ActiveCfg = Release|Win32
		{845F9579-E968-4E47-9B8F-E01B0292632B}.Release|x86.Build.0 = Release|Win32
	EndGlobalSection
	GlobalSection(SolutionProperties) = preSolution
		HideSolutionNode = FALSE
	EndGlobalSection
	GlobalSection(ExtensibilityGlobals) = postSolution
		SolutionGuid = {FAE53C16-53A8-4506-ACAB-FC5E28386139}
	EndGlobalSection
EndGlobal
